PODS:
  - Objc-Foundation-Extensions (0.1.0)
  - Objc-iOS-Extensions (0.1.0):
    - Objc-Foundation-Extensions

DEPENDENCIES:
  - Objc-iOS-Extensions (= 0.1.0)

SPEC REPOS:
  trunk:
    - Objc-Foundation-Extensions
    - Objc-iOS-Extensions

SPEC CHECKSUMS:
  Objc-Foundation-Extensions: 0e24d6a4b986d2398305f6b382c1031093f3ee5c
  Objc-iOS-Extensions: 2bec624d0576658fc751bbe260a111ae7e95eb76

PODFILE CHECKSUM: dfc2f254a4c2003846477e1ff030db57e672f56a

COCOAPODS: 1.10.0
